
Microsoft Visual Studio Solution File, Format Version 12.00
# Visual Studio Version 16
VisualStudioVersion = 16.0.31005.135
MinimumVisualStudioVersion = 10.0.40219.1
Project("{FAE04EC0-301F-11D3-BF4B-00C04F79EFBC}") = "RVezy.Test.WebAPI", "RVezy.Test.WebAPI\RVezy.Test.WebAPI.csproj", "{87EFFFA5-9B3D-4988-86E8-EBBC81A712D1}"
EndProject
Global
	GlobalSection(SolutionConfigurationPlatforms) = preSolution
		Debug|Any CPU = Debug|Any CPU
		Release|Any CPU = Release|Any CPU
	EndGlobalSection
	GlobalSection(ProjectConfigurationPlatforms) = postSolution
		{87EFFFA5-9B3D-4988-86E8-EBBC81A712D1}.Debug|Any CPU.ActiveCfg = Debug|Any CPU
		{87EFFFA5-9B3D-4988-86E8-EBBC81A712D1}.Debug|Any CPU.Build.0 = Debug|Any CPU
		{87EFFFA5-9B3D-4988-86E8-EBBC81A712D1}.Release|Any CPU.ActiveCfg = Release|Any CPU
		{87EFFFA5-9B3D-4988-86E8-EBBC81A712D1}.Release|Any CPU.Build.0 = Release|Any CPU
	EndGlobalSection
	GlobalSection(SolutionProperties) = preSolution
		HideSolutionNode = FALSE
	EndGlobalSection
	GlobalSection(ExtensibilityGlobals) = postSolution
		SolutionGuid = {7F1AB341-E527-4883-8798-A2B652B0BBFB}
	EndGlobalSection
EndGlobal
